
Microsoft Visual Studio Solution File, Format Version 12.00
# Visual Studio Version 16
VisualStudioVersion = 16.0.29201.188
MinimumVisualStudioVersion = 10.0.40219.1
Project("{FAE04EC0-301F-11D3-BF4B-00C04F79EFBC}") = "L3MSuper", "L3MSuper.csproj", "{52F1DC8E-7B64-4FF8-8B73-658D047F58BF}"
EndProject
Project("{FAE04EC0-301F-11D3-BF4B-00C04F79EFBC}") = "L3MSuper.Datos", "..\L3MSuper.Datos\L3MSuper.Datos.csproj", "{01B271A2-875B-4E02-BAF6-BAEF84FD0057}"
EndProject
Global
	GlobalSection(SolutionConfigurationPlatforms) = preSolution
		Debug|Any CPU = Debug|Any CPU
		Release|Any CPU = Release|Any CPU
	EndGlobalSection
	GlobalSection(ProjectConfigurationPlatforms) = postSolution
		{52F1DC8E-7B64-4FF8-8B73-658D047F58BF}.Debug|Any CPU.ActiveCfg = Debug|Any CPU
		{52F1DC8E-7B64-4FF8-8B73-658D047F58BF}.Debug|Any CPU.Build.0 = Debug|Any CPU
		{52F1DC8E-7B64-4FF8-8B73-658D047F58BF}.Release|Any CPU.ActiveCfg = Release|Any CPU
		{52F1DC8E-7B64-4FF8-8B73-658D047F58BF}.Release|Any CPU.Build.0 = Release|Any CPU
		{01B271A2-875B-4E02-BAF6-BAEF84FD0057}.Debug|Any CPU.ActiveCfg = Debug|Any CPU
		{01B271A2-875B-4E02-BAF6-BAEF84FD0057}.Debug|Any CPU.Build.0 = Debug|Any CPU
		{01B271A2-875B-4E02-BAF6-BAEF84FD0057}.Release|Any CPU.ActiveCfg = Release|Any CPU
		{01B271A2-875B-4E02-BAF6-BAEF84FD0057}.Release|Any CPU.Build.0 = Release|Any CPU
	EndGlobalSection
	GlobalSection(SolutionProperties) = preSolution
		HideSolutionNode = FALSE
	EndGlobalSection
	GlobalSection(ExtensibilityGlobals) = postSolution
		SolutionGuid = {DC520751-212F-493D-8F94-F7EAF703911A}
	EndGlobalSection
EndGlobal
